// !$*UTF8*$!
{
	archiveVersion = 1;
	classes = {
	};
	objectVersion = 56;
	objects = {

/* Begin PBXBuildFile section */
		DB94B2A62C91520B00317FCE /* AppDelegate.swift in Sources */ = {isa = PBXBuildFile; fileRef = DB94B2A52C91520B00317FCE /* AppDelegate.swift */; };
		DB94B2A82C91520B00317FCE /* SceneDelegate.swift in Sources */ = {isa = PBXBuildFile; fileRef = DB94B2A72C91520B00317FCE /* SceneDelegate.swift */; };
		DB94B2AA2C91520B00317FCE /* ViewController.swift in Sources */ = {isa = PBXBuildFile; fileRef = DB94B2A92C91520B00317FCE /* ViewController.swift */; };
		DB94B2AD2C91520B00317FCE /* Base in Resources */ = {isa = PBXBuildFile; fileRef = DB94B2AC2C91520B00317FCE /* Base */; };
		DB94B2B02C91520B00317FCE /* PhotoApp.xcdatamodeld in Sources */ = {isa = PBXBuildFile; fileRef = DB94B2AE2C91520B00317FCE /* PhotoApp.xcdatamodeld */; };
		DB94B2B22C91520D00317FCE /* Assets.xcassets in Resources */ = {isa = PBXBuildFile; fileRef = DB94B2B12C91520D00317FCE /* Assets.xcassets */; };
		DB94B2B52C91520D00317FCE /* Base in Resources */ = {isa = PBXBuildFile; fileRef = DB94B2B42C91520D00317FCE /* Base */; };
		DB94B2C02C91520D00317FCE /* PhotoAppTests.swift in Sources */ = {isa = PBXBuildFile; fileRef = DB94B2BF2C91520D00317FCE /* PhotoAppTests.swift */; };
		DB94B2CA2C91520D00317FCE /* PhotoAppUITests.swift in Sources */ = {isa = PBXBuildFile; fileRef = DB94B2C92C91520D00317FCE /* PhotoAppUITests.swift */; };
		DB94B2CC2C91520D00317FCE /* PhotoAppUITestsLaunchTests.swift in Sources */ = {isa = PBXBuildFile; fileRef = DB94B2CB2C91520D00317FCE /* PhotoAppUITestsLaunchTests.swift */; };
/* End PBXBuildFile section */

/* Begin PBXContainerItemProxy section */
		DB94B2BC2C91520D00317FCE /* PBXContainerItemProxy */ = {
			isa = PBXContainerItemProxy;
			containerPortal = DB94B29A2C91520B00317FCE /* Project object */;
			proxyType = 1;
			remoteGlobalIDString = DB94B2A12C91520B00317FCE;
			remoteInfo = PhotoApp;
		};
		DB94B2C62C91520D00317FCE /* PBXContainerItemProxy */ = {
			isa = PBXContainerItemProxy;
			containerPortal = DB94B29A2C91520B00317FCE /* Project object */;
			proxyType = 1;
			remoteGlobalIDString = DB94B2A12C91520B00317FCE;
			remoteInfo = PhotoApp;
		};
/* End PBXContainerItemProxy section */

/* Begin PBXFileReference section */
		DB94B2A22C91520B00317FCE /* PhotoApp.app */ = {isa = PBXFileReference; explicitFileType = wrapper.application; includeInIndex = 0; path = PhotoApp.app; sourceTree = BUILT_PRODUCTS_DIR; };
		DB94B2A52C91520B00317FCE /* AppDelegate.swift */ = {isa = PBXFileReference; lastKnownFileType = sourcecode.swift; path = AppDelegate.swift; sourceTree = "<group>"; };
		DB94B2A72C91520B00317FCE /* SceneDelegate.swift */ = {isa = PBXFileReference; lastKnownFileType = sourcecode.swift; path = SceneDelegate.swift; sourceTree = "<group>"; };
		DB94B2A92C91520B00317FCE /* ViewController.swift */ = {isa = PBXFileReference; lastKnownFileType = sourcecode.swift; path = ViewController.swift; sourceTree = "<group>"; };
		DB94B2AC2C91520B00317FCE /* Base */ = {isa = PBXFileReference; lastKnownFileType = file.storyboard; name = Base; path = Base.lproj/Main.storyboard; sourceTree = "<group>"; };
		DB94B2AF2C91520B00317FCE /* PhotoApp.xcdatamodel */ = {isa = PBXFileReference; lastKnownFileType = wrapper.xcdatamodel; path = PhotoApp.xcdatamodel; sourceTree = "<group>"; };
		DB94B2B12C91520D00317FCE /* Assets.xcassets */ = {isa = PBXFileReference; lastKnownFileType = folder.assetcatalog; path = Assets.xcassets; sourceTree = "<group>"; };
		DB94B2B42C91520D00317FCE /* Base */ = {isa = PBXFileReference; lastKnownFileType = file.storyboard; name = Base; path = Base.lproj/LaunchScreen.storyboard; sourceTree = "<group>"; };
		DB94B2B62C91520D00317FCE /* Info.plist */ = {isa = PBXFileReference; lastKnownFileType = text.plist.xml; path = Info.plist; sourceTree = "<group>"; };
		DB94B2BB2C91520D00317FCE /* PhotoAppTests.xctest */ = {isa = PBXFileReference; explicitFileType = wrapper.cfbundle; includeInIndex = 0; path = PhotoAppTests.xctest; sourceTree = BUILT_PRODUCTS_DIR; };
		DB94B2BF2C91520D00317FCE /* PhotoAppTests.swift */ = {isa = PBXFileReference; lastKnownFileType = sourcecode.swift; path = PhotoAppTests.swift; sourceTree = "<group>"; };
		DB94B2C52C91520D00317FCE /* PhotoAppUITests.xctest */ = {isa = PBXFileReference; explicitFileType = wrapper.cfbundle; includeInIndex = 0; path = PhotoAppUITests.xctest; sourceTree = BUILT_PRODUCTS_DIR; };
		DB94B2C92C91520D00317FCE /* PhotoAppUITests.swift */ = {isa = PBXFileReference; lastKnownFileType = sourcecode.swift; path = PhotoAppUITests.swift; sourceTree = "<group>"; };
		DB94B2CB2C91520D00317FCE /* PhotoAppUITestsLaunchTests.swift */ = {isa = PBXFileReference; lastKnownFileType = sourcecode.swift; path = PhotoAppUITestsLaunchTests.swift; sourceTree = "<group>"; };
/* End PBXFileReference section */

/* Begin PBXFrameworksBuildPhase section */
		DB94B29F2C91520B00317FCE /* Frameworks */ = {
			isa = PBXFrameworksBuildPhase;
			buildActionMask = 2147483647;
			files = (
			);
			runOnlyForDeploymentPostprocessing = 0;
		};
		DB94B2B82C91520D00317FCE /* Frameworks */ = {
			isa = PBXFrameworksBuildPhase;
			buildActionMask = 2147483647;
			files = (
			);
			runOnlyForDeploymentPostprocessing = 0;
		};
		DB94B2C22C91520D00317FCE /* Frameworks */ = {
			isa = PBXFrameworksBuildPhase;
			buildActionMask = 2147483647;
			files = (
			);
			runOnlyForDeploymentPostprocessing = 0;
		};
/* End PBXFrameworksBuildPhase section */

/* Begin PBXGroup section */
		DB94B2992C91520B00317FCE = {
			isa = PBXGroup;
			children = (
				DB94B2A42C91520B00317FCE /* PhotoApp */,
				DB94B2BE2C91520D00317FCE /* PhotoAppTests */,
				DB94B2C82C91520D00317FCE /* PhotoAppUITests */,
				DB94B2A32C91520B00317FCE /* Products */,
			);
			sourceTree = "<group>";
		};
		DB94B2A32C91520B00317FCE /* Products */ = {
			isa = PBXGroup;
			children = (
				DB94B2A22C91520B00317FCE /* PhotoApp.app */,
				DB94B2BB2C91520D00317FCE /* PhotoAppTests.xctest */,
				DB94B2C52C91520D00317FCE /* PhotoAppUITests.xctest */,
			);
			name = Products;
			sourceTree = "<group>";
		};
		DB94B2A42C91520B00317FCE /* PhotoApp */ = {
			isa = PBXGroup;
			children = (
				DB94B2A52C91520B00317FCE /* AppDelegate.swift */,
				DB94B2A72C91520B00317FCE /* SceneDelegate.swift */,
				DB94B2A92C91520B00317FCE /* ViewController.swift */,
				DB94B2AB2C91520B00317FCE /* Main.storyboard */,
				DB94B2B12C91520D00317FCE /* Assets.xcassets */,
				DB94B2B32C91520D00317FCE /* LaunchScreen.storyboard */,
				DB94B2B62C91520D00317FCE /* Info.plist */,
				DB94B2AE2C91520B00317FCE /* PhotoApp.xcdatamodeld */,
			);
			path = PhotoApp;
			sourceTree = "<group>";
		};
		DB94B2BE2C91520D00317FCE /* PhotoAppTests */ = {
			isa = PBXGroup;
			children = (
				DB94B2BF2C91520D00317FCE /* PhotoAppTests.swift */,
			);
			path = PhotoAppTests;
			sourceTree = "<group>";
		};
		DB94B2C82C91520D00317FCE /* PhotoAppUITests */ = {
			isa = PBXGroup;
			children = (
				DB94B2C92C91520D00317FCE /* PhotoAppUITests.swift */,
				DB94B2CB2C91520D00317FCE /* PhotoAppUITestsLaunchTests.swift */,
			);
			path = PhotoAppUITests;
			sourceTree = "<group>";
		};
/* End PBXGroup section */

/* Begin PBXNativeTarget section */
		DB94B2A12C91520B00317FCE /* PhotoApp */ = {
			isa = PBXNativeTarget;
			buildConfigurationList = DB94B2CF2C91520D00317FCE /* Build configuration list for PBXNativeTarget "PhotoApp" */;
			buildPhases = (
				DB94B29E2C91520B00317FCE /* Sources */,
				DB94B29F2C91520B00317FCE /* Frameworks */,
				DB94B2A02C91520B00317FCE /* Resources */,
			);
			buildRules = (
			);
			dependencies = (
			);
			name = PhotoApp;
			productName = PhotoApp;
			productReference = DB94B2A22C91520B00317FCE /* PhotoApp.app */;
			productType = "com.apple.product-type.application";
		};
		DB94B2BA2C91520D00317FCE /* PhotoAppTests */ = {
			isa = PBXNativeTarget;
			buildConfigurationList = DB94B2D22C91520D00317FCE /* Build configuration list for PBXNativeTarget "PhotoAppTests" */;
			buildPhases = (
				DB94B2B72C91520D00317FCE /* Sources */,
				DB94B2B82C91520D00317FCE /* Frameworks */,
				DB94B2B92C91520D00317FCE /* Resources */,
			);
			buildRules = (
			);
			dependencies = (
				DB94B2BD2C91520D00317FCE /* PBXTargetDependency */,
			);
			name = PhotoAppTests;
			productName = PhotoAppTests;
			productReference = DB94B2BB2C91520D00317FCE /* PhotoAppTests.xctest */;
			productType = "com.apple.product-type.bundle.unit-test";
		};
		DB94B2C42C91520D00317FCE /* PhotoAppUITests */ = {
			isa = PBXNativeTarget;
			buildConfigurationList = DB94B2D52C91520D00317FCE /* Build configuration list for PBXNativeTarget "PhotoAppUITests" */;
			buildPhases = (
				DB94B2C12C91520D00317FCE /* Sources */,
				DB94B2C22C91520D00317FCE /* Frameworks */,
				DB94B2C32C91520D00317FCE /* Resources */,
			);
			buildRules = (
			);
			dependencies = (
				DB94B2C72C91520D00317FCE /* PBXTargetDependency */,
			);
			name = PhotoAppUITests;
			productName = PhotoAppUITests;
			productReference = DB94B2C52C91520D00317FCE /* PhotoAppUITests.xctest */;
			productType = "com.apple.product-type.bundle.ui-testing";
		};
/* End PBXNativeTarget section */

/* Begin PBXProject section */
		DB94B29A2C91520B00317FCE /* Project object */ = {
			isa = PBXProject;
			attributes = {
				BuildIndependentTargetsInParallel = 1;
				LastSwiftUpdateCheck = 1540;
				LastUpgradeCheck = 1540;
				TargetAttributes = {
					DB94B2A12C91520B00317FCE = {
						CreatedOnToolsVersion = 15.4;
					};
					DB94B2BA2C91520D00317FCE = {
						CreatedOnToolsVersion = 15.4;
						TestTargetID = DB94B2A12C91520B00317FCE;
					};
					DB94B2C42C91520D00317FCE = {
						CreatedOnToolsVersion = 15.4;
						TestTargetID = DB94B2A12C91520B00317FCE;
					};
				};
			};
			buildConfigurationList = DB94B29D2C91520B00317FCE /* Build configuration list for PBXProject "PhotoApp" */;
			compatibilityVersion = "Xcode 14.0";
			developmentRegion = en;
			hasScannedForEncodings = 0;
			knownRegions = (
				en,
				Base,
			);
			mainGroup = DB94B2992C91520B00317FCE;
			productRefGroup = DB94B2A32C91520B00317FCE /* Products */;
			projectDirPath = "";
			projectRoot = "";
			targets = (
				DB94B2A12C91520B00317FCE /* PhotoApp */,
				DB94B2BA2C91520D00317FCE /* PhotoAppTests */,
				DB94B2C42C91520D00317FCE /* PhotoAppUITests */,
			);
		};
/* End PBXProject section */

/* Begin PBXResourcesBuildPhase section */
		DB94B2A02C91520B00317FCE /* Resources */ = {
			isa = PBXResourcesBuildPhase;
			buildActionMask = 2147483647;
			files = (
				DB94B2B22C91520D00317FCE /* Assets.xcassets in Resources */,
				DB94B2B52C91520D00317FCE /* Base in Resources */,
				DB94B2AD2C91520B00317FCE /* Base in Resources */,
			);
			runOnlyForDeploymentPostprocessing = 0;
		};
		DB94B2B92C91520D00317FCE /* Resources */ = {
			isa = PBXResourcesBuildPhase;
			buildActionMask = 2147483647;
			files = (
			);
			runOnlyForDeploymentPostprocessing = 0;
		};
		DB94B2C32C91520D00317FCE /* Resources */ = {
			isa = PBXResourcesBuildPhase;
			buildActionMask = 2147483647;
			files = (
			);
			runOnlyForDeploymentPostprocessing = 0;
		};
/* End PBXResourcesBuildPhase section */

/* Begin PBXSourcesBuildPhase section */
		DB94B29E2C91520B00317FCE /* Sources */ = {
			isa = PBXSourcesBuildPhase;
			buildActionMask = 2147483647;
			files = (
				DB94B2B02C91520B00317FCE /* PhotoApp.xcdatamodeld in Sources */,
				DB94B2AA2C91520B00317FCE /* ViewController.swift in Sources */,
				DB94B2A62C91520B00317FCE /* AppDelegate.swift in Sources */,
				DB94B2A82C91520B00317FCE /* SceneDelegate.swift in Sources */,
			);
			runOnlyForDeploymentPostprocessing = 0;
		};
		DB94B2B72C91520D00317FCE /* Sources */ = {
			isa = PBXSourcesBuildPhase;
			buildActionMask = 2147483647;
			files = (
				DB94B2C02C91520D00317FCE /* PhotoAppTests.swift in Sources */,
			);
			runOnlyForDeploymentPostprocessing = 0;
		};
		DB94B2C12C91520D00317FCE /* Sources */ = {
			isa = PBXSourcesBuildPhase;
			buildActionMask = 2147483647;
			files = (
				DB94B2CC2C91520D00317FCE /* PhotoAppUITestsLaunchTests.swift in Sources */,
				DB94B2CA2C91520D00317FCE /* PhotoAppUITests.swift in Sources */,
			);
			runOnlyForDeploymentPostprocessing = 0;
		};
/* End PBXSourcesBuildPhase section */

/* Begin PBXTargetDependency section */
		DB94B2BD2C91520D00317FCE /* PBXTargetDependency */ = {
			isa = PBXTargetDependency;
			target = DB94B2A12C91520B00317FCE /* PhotoApp */;
			targetProxy = DB94B2BC2C91520D00317FCE /* PBXContainerItemProxy */;
		};
		DB94B2C72C91520D00317FCE /* PBXTargetDependency */ = {
			isa = PBXTargetDependency;
			target = DB94B2A12C91520B00317FCE /* PhotoApp */;
			targetProxy = DB94B2C62C91520D00317FCE /* PBXContainerItemProxy */;
		};
/* End PBXTargetDependency section */

/* Begin PBXVariantGroup section */
		DB94B2AB2C91520B00317FCE /* Main.storyboard */ = {
			isa = PBXVariantGroup;
			children = (
				DB94B2AC2C91520B00317FCE /* Base */,
			);
			name = Main.storyboard;
			sourceTree = "<group>";
		};
		DB94B2B32C91520D00317FCE /* LaunchScreen.storyboard */ = {
			isa = PBXVariantGroup;
			children = (
				DB94B2B42C91520D00317FCE /* Base */,
			);
			name = LaunchScreen.storyboard;
			sourceTree = "<group>";
		};
/* End PBXVariantGroup section */

/* Begin XCBuildConfiguration section */
		DB94B2CD2C91520D00317FCE /* Debug */ = {
			isa = XCBuildConfiguration;
			buildSettings = {
				ALWAYS_SEARCH_USER_PATHS = NO;
				ASSETCATALOG_COMPILER_GENERATE_SWIFT_ASSET_SYMBOL_EXTENSIONS = YES;
				CLANG_ANALYZER_NONNULL = YES;
				CLANG_ANALYZER_NUMBER_OBJECT_CONVERSION = YES_AGGRESSIVE;
				CLANG_CXX_LANGUAGE_STANDARD = "gnu++20";
				CLANG_ENABLE_MODULES = YES;
				CLANG_ENABLE_OBJC_ARC = YES;
				CLANG_ENABLE_OBJC_WEAK = YES;
				CLANG_WARN_BLOCK_CAPTURE_AUTORELEASING = YES;
				CLANG_WARN_BOOL_CONVERSION = YES;
				CLANG_WARN_COMMA = YES;
				CLANG_WARN_CONSTANT_CONVERSION = YES;
				CLANG_WARN_DEPRECATED_OBJC_IMPLEMENTATIONS = YES;
				CLANG_WARN_DIRECT_OBJC_ISA_USAGE = YES_ERROR;
				CLANG_WARN_DOCUMENTATION_COMMENTS = YES;
				CLANG_WARN_EMPTY_BODY = YES;
				CLANG_WARN_ENUM_CONVERSION = YES;
				CLANG_WARN_INFINITE_RECURSION = YES;
				CLANG_WARN_INT_CONVERSION = YES;
				CLANG_WARN_NON_LITERAL_NULL_CONVERSION = YES;
				CLANG_WARN_OBJC_IMPLICIT_RETAIN_SELF = YES;
				CLANG_WARN_OBJC_LITERAL_CONVERSION = YES;
				CLANG_WARN_OBJC_ROOT_CLASS = YES_ERROR;
				CLANG_WARN_QUOTED_INCLUDE_IN_FRAMEWORK_HEADER = YES;
				CLANG_WARN_RANGE_LOOP_ANALYSIS = YES;
				CLANG_WARN_STRICT_PROTOTYPES = YES;
				CLANG_WARN_SUSPICIOUS_MOVE = YES;
				CLANG_WARN_UNGUARDED_AVAILABILITY = YES_AGGRESSIVE;
				CLANG_WARN_UNREACHABLE_CODE = YES;
				CLANG_WARN__DUPLICATE_METHOD_MATCH = YES;
				COPY_PHASE_STRIP = NO;
				DEBUG_INFORMATION_FORMAT = dwarf;
				ENABLE_STRICT_OBJC_MSGSEND = YES;
				ENABLE_TESTABILITY = YES;
				ENABLE_USER_SCRIPT_SANDBOXING = YES;
				GCC_C_LANGUAGE_STANDARD = gnu17;
				GCC_DYNAMIC_NO_PIC = NO;
				GCC_NO_COMMON_BLOCKS = YES;
				GCC_OPTIMIZATION_LEVEL = 0;
				GCC_PREPROCESSOR_DEFINITIONS = (
					"DEBUG=1",
					"$(inherited)",
				);
				GCC_WARN_64_TO_32_BIT_CONVERSION = YES;
				GCC_WARN_ABOUT_RETURN_TYPE = YES_ERROR;
				GCC_WARN_UNDECLARED_SELECTOR = YES;
				GCC_WARN_UNINITIALIZED_AUTOS = YES_AGGRESSIVE;
				GCC_WARN_UNUSED_FUNCTION = YES;
				GCC_WARN_UNUSED_VARIABLE = YES;
				IPHONEOS_DEPLOYMENT_TARGET = 17.5;
				LOCALIZATION_PREFERS_STRING_CATALOGS = YES;
				MTL_ENABLE_DEBUG_INFO = INCLUDE_SOURCE;
				MTL_FAST_MATH = YES;
				ONLY_ACTIVE_ARCH = YES;
				SDKROOT = iphoneos;
				SWIFT_ACTIVE_COMPILATION_CONDITIONS = "DEBUG $(inherited)";
				SWIFT_OPTIMIZATION_LEVEL = "-Onone";
			};
			name = Debug;
		};
		DB94B2CE2C91520D00317FCE /* Release */ = {
			isa = XCBuildConfiguration;
			buildSettings = {
				ALWAYS_SEARCH_USER_PATHS = NO;
				ASSETCATALOG_COMPILER_GENERATE_SWIFT_ASSET_SYMBOL_EXTENSIONS = YES;
				CLANG_ANALYZER_NONNULL = YES;
				CLANG_ANALYZER_NUMBER_OBJECT_CONVERSION = YES_AGGRESSIVE;
				CLANG_CXX_LANGUAGE_STANDARD = "gnu++20";
				CLANG_ENABLE_MODULES = YES;
				CLANG_ENABLE_OBJC_ARC = YES;
				CLANG_ENABLE_OBJC_WEAK = YES;
				CLANG_WARN_BLOCK_CAPTURE_AUTORELEASING = YES;
				CLANG_WARN_BOOL_CONVERSION = YES;
				CLANG_WARN_COMMA = YES;
				CLANG_WARN_CONSTANT_CONVERSION = YES;
				CLANG_WARN_DEPRECATED_OBJC_IMPLEMENTATIONS = YES;
				CLANG_WARN_DIRECT_OBJC_ISA_USAGE = YES_ERROR;
				CLANG_WARN_DOCUMENTATION_COMMENTS = YES;
				CLANG_WARN_EMPTY_BODY = YES;
				CLANG_WARN_ENUM_CONVERSION = YES;
				CLANG_WARN_INFINITE_RECURSION = YES;
				CLANG_WARN_INT_CONVERSION = YES;
				CLANG_WARN_NON_LITERAL_NULL_CONVERSION = YES;
				CLANG_WARN_OBJC_IMPLICIT_RETAIN_SELF = YES;
				CLANG_WARN_OBJC_LITERAL_CONVERSION = YES;
				CLANG_WARN_OBJC_ROOT_CLASS = YES_ERROR;
				CLANG_WARN_QUOTED_INCLUDE_IN_FRAMEWORK_HEADER = YES;
				CLANG_WARN_RANGE_LOOP_ANALYSIS = YES;
				CLANG_WARN_STRICT_PROTOTYPES = YES;
				CLANG_WARN_SUSPICIOUS_MOVE = YES;
				CLANG_WARN_UNGUARDED_AVAILABILITY = YES_AGGRESSIVE;
				CLANG_WARN_UNREACHABLE_CODE = YES;
				CLANG_WARN__DUPLICATE_METHOD_MATCH = YES;
				COPY_PHASE_STRIP = NO;
				DEBUG_INFORMATION_FORMAT = "dwarf-with-dsym";
				ENABLE_NS_ASSERTIONS = NO;
				ENABLE_STRICT_OBJC_MSGSEND = YES;
				ENABLE_USER_SCRIPT_SANDBOXING = YES;
				GCC_C_LANGUAGE_STANDARD = gnu17;
				GCC_NO_COMMON_BLOCKS = YES;
				GCC_WARN_64_TO_32_BIT_CONVERSION = YES;
				GCC_WARN_ABOUT_RETURN_TYPE = YES_ERROR;
				GCC_WARN_UNDECLARED_SELECTOR = YES;
				GCC_WARN_UNINITIALIZED_AUTOS = YES_AGGRESSIVE;
				GCC_WARN_UNUSED_FUNCTION = YES;
				GCC_WARN_UNUSED_VARIABLE = YES;
				IPHONEOS_DEPLOYMENT_TARGET = 17.5;
				LOCALIZATION_PREFERS_STRING_CATALOGS = YES;
				MTL_ENABLE_DEBUG_INFO = NO;
				MTL_FAST_MATH = YES;
				SDKROOT = iphoneos;
				SWIFT_COMPILATION_MODE = wholemodule;
				VALIDATE_PRODUCT = YES;
			};
			name = Release;
		};
		DB94B2D02C91520D00317FCE /* Debug */ = {
			isa = XCBuildConfiguration;
			buildSettings = {
				ASSETCATALOG_COMPILER_APPICON_NAME = AppIcon;
				ASSETCATALOG_COMPILER_GLOBAL_ACCENT_COLOR_NAME = AccentColor;
				CODE_SIGN_STYLE = Automatic;
				CURRENT_PROJECT_VERSION = 1;
				GENERATE_INFOPLIST_FILE = YES;
				INFOPLIST_FILE = PhotoApp/Info.plist;
				INFOPLIST_KEY_UIApplicationSupportsIndirectInputEvents = YES;
				INFOPLIST_KEY_UILaunchStoryboardName = LaunchScreen;
				INFOPLIST_KEY_UIMainStoryboardFile = Main;
				INFOPLIST_KEY_UISupportedInterfaceOrientations_iPad = "UIInterfaceOrientationPortrait UIInterfaceOrientationPortraitUpsideDown UIInterfaceOrientationLandscapeLeft UIInterfaceOrientationLandscapeRight";
				INFOPLIST_KEY_UISupportedInterfaceOrientations_iPhone = "UIInterfaceOrientationPortrait UIInterfaceOrientationLandscapeLeft UIInterfaceOrientationLandscapeRight";
				LD_RUNPATH_SEARCH_PATHS = (
					"$(inherited)",
					"@executable_path/Frameworks",
				);
				MARKETING_VERSION = 1.0;
				PRODUCT_BUNDLE_IDENTIFIER = com.om.PhotoApp;
				PRODUCT_NAME = "$(TARGET_NAME)";
				SWIFT_EMIT_LOC_STRINGS = YES;
				SWIFT_VERSION = 5.0;
				TARGETED_DEVICE_FAMILY = "1,2";
			};
			name = Debug;
		};
		DB94B2D12C91520D00317FCE /* Release */ = {
			isa = XCBuildConfiguration;
			buildSettings = {
				ASSETCATALOG_COMPILER_APPICON_NAME = AppIcon;
				ASSETCATALOG_COMPILER_GLOBAL_ACCENT_COLOR_NAME = AccentColor;
				CODE_SIGN_STYLE = Automatic;
				CURRENT_PROJECT_VERSION = 1;
				GENERATE_INFOPLIST_FILE = YES;
				INFOPLIST_FILE = PhotoApp/Info.plist;
				INFOPLIST_KEY_UIApplicationSupportsIndirectInputEvents = YES;
				INFOPLIST_KEY_UILaunchStoryboardName = LaunchScreen;
				INFOPLIST_KEY_UIMainStoryboardFile = Main;
				INFOPLIST_KEY_UISupportedInterfaceOrientations_iPad = "UIInterfaceOrientationPortrait UIInterfaceOrientationPortraitUpsideDown UIInterfaceOrientationLandscapeLeft UIInterfaceOrientationLandscapeRight";
				INFOPLIST_KEY_UISupportedInterfaceOrientations_iPhone = "UIInterfaceOrientationPortrait UIInterfaceOrientationLandscapeLeft UIInterfaceOrientationLandscapeRight";
				LD_RUNPATH_SEARCH_PATHS = (
					"$(inherited)",
					"@executable_path/Frameworks",
				);
				MARKETING_VERSION = 1.0;
				PRODUCT_BUNDLE_IDENTIFIER = com.om.PhotoApp;
				PRODUCT_NAME = "$(TARGET_NAME)";
				SWIFT_EMIT_LOC_STRINGS = YES;
				SWIFT_VERSION = 5.0;
				TARGETED_DEVICE_FAMILY = "1,2";
			};
			name = Release;
		};
		DB94B2D32C91520D00317FCE /* Debug */ = {
			isa = XCBuildConfiguration;
			buildSettings = {
				ALWAYS_EMBED_SWIFT_STANDARD_LIBRARIES = YES;
				BUNDLE_LOADER = "$(TEST_HOST)";
				CODE_SIGN_STYLE = Automatic;
				CURRENT_PROJECT_VERSION = 1;
				GENERATE_INFOPLIST_FILE = YES;
				IPHONEOS_DEPLOYMENT_TARGET = 17.5;
				MARKETING_VERSION = 1.0;
				PRODUCT_BUNDLE_IDENTIFIER = com.om.PhotoAppTests;
				PRODUCT_NAME = "$(TARGET_NAME)";
				SWIFT_EMIT_LOC_STRINGS = NO;
				SWIFT_VERSION = 5.0;
				TARGETED_DEVICE_FAMILY = "1,2";
				TEST_HOST = "$(BUILT_PRODUCTS_DIR)/PhotoApp.app/$(BUNDLE_EXECUTABLE_FOLDER_PATH)/PhotoApp";
			};
			name = Debug;
		};
		DB94B2D42C91520D00317FCE /* Release */ = {
			isa = XCBuildConfiguration;
			buildSettings = {
				ALWAYS_EMBED_SWIFT_STANDARD_LIBRARIES = YES;
				BUNDLE_LOADER = "$(TEST_HOST)";
				CODE_SIGN_STYLE = Automatic;
				CURRENT_PROJECT_VERSION = 1;
				GENERATE_INFOPLIST_FILE = YES;
				IPHONEOS_DEPLOYMENT_TARGET = 17.5;
				MARKETING_VERSION = 1.0;
				PRODUCT_BUNDLE_IDENTIFIER = com.om.PhotoAppTests;
				PRODUCT_NAME = "$(TARGET_NAME)";
				SWIFT_EMIT_LOC_STRINGS = NO;
				SWIFT_VERSION = 5.0;
				TARGETED_DEVICE_FAMILY = "1,2";
				TEST_HOST = "$(BUILT_PRODUCTS_DIR)/PhotoApp.app/$(BUNDLE_EXECUTABLE_FOLDER_PATH)/PhotoApp";
			};
			name = Release;
		};
		DB94B2D62C91520D00317FCE /* Debug */ = {
			isa = XCBuildConfiguration;
			buildSettings = {
				ALWAYS_EMBED_SWIFT_STANDARD_LIBRARIES = YES;
				CODE_SIGN_STYLE = Automatic;
				CURRENT_PROJECT_VERSION = 1;
				GENERATE_INFOPLIST_FILE = YES;
				MARKETING_VERSION = 1.0;
				PRODUCT_BUNDLE_IDENTIFIER = com.om.PhotoAppUITests;
				PRODUCT_NAME = "$(TARGET_NAME)";
				SWIFT_EMIT_LOC_STRINGS = NO;
				SWIFT_VERSION = 5.0;
				TARGETED_DEVICE_FAMILY = "1,2";
				TEST_TARGET_NAME = PhotoApp;
			};
			name = Debug;
		};
		DB94B2D72C91520D00317FCE /* Release */ = {
			isa = XCBuildConfiguration;
			buildSettings = {
				ALWAYS_EMBED_SWIFT_STANDARD_LIBRARIES = YES;
				CODE_SIGN_STYLE = Automatic;
				CURRENT_PROJECT_VERSION = 1;
				GENERATE_INFOPLIST_FILE = YES;
				MARKETING_VERSION = 1.0;
				PRODUCT_BUNDLE_IDENTIFIER = com.om.PhotoAppUITests;
				PRODUCT_NAME = "$(TARGET_NAME)";
				SWIFT_EMIT_LOC_STRINGS = NO;
				SWIFT_VERSION = 5.0;
				TARGETED_DEVICE_FAMILY = "1,2";
				TEST_TARGET_NAME = PhotoApp;
			};
			name = Release;
		};
/* End XCBuildConfiguration section */

/* Begin XCConfigurationList section */
		DB94B29D2C91520B00317FCE /* Build configuration list for PBXProject "PhotoApp" */ = {
			isa = XCConfigurationList;
			buildConfigurations = (
				DB94B2CD2C91520D00317FCE /* Debug */,
				DB94B2CE2C91520D00317FCE /* Release */,
			);
			defaultConfigurationIsVisible = 0;
			defaultConfigurationName = Release;
		};
		DB94B2CF2C91520D00317FCE /* Build configuration list for PBXNativeTarget "PhotoApp" */ = {
			isa = XCConfigurationList;
			buildConfigurations = (
				DB94B2D02C91520D00317FCE /* Debug */,
				DB94B2D12C91520D00317FCE /* Release */,
			);
			defaultConfigurationIsVisible = 0;
			defaultConfigurationName = Release;
		};
		DB94B2D22C91520D00317FCE /* Build configuration list for PBXNativeTarget "PhotoAppTests" */ = {
			isa = XCConfigurationList;
			buildConfigurations = (
				DB94B2D32C91520D00317FCE /* Debug */,
				DB94B2D42C91520D00317FCE /* Release */,
			);
			defaultConfigurationIsVisible = 0;
			defaultConfigurationName = Release;
		};
		DB94B2D52C91520D00317FCE /* Build configuration list for PBXNativeTarget "PhotoAppUITests" */ = {
			isa = XCConfigurationList;
			buildConfigurations = (
				DB94B2D62C91520D00317FCE /* Debug */,
				DB94B2D72C91520D00317FCE /* Release */,
			);
			defaultConfigurationIsVisible = 0;
			defaultConfigurationName = Release;
		};
/* End XCConfigurationList section */

/* Begin XCVersionGroup section */
		DB94B2AE2C91520B00317FCE /* PhotoApp.xcdatamodeld */ = {
			isa = XCVersionGroup;
			children = (
				DB94B2AF2C91520B00317FCE /* PhotoApp.xcdatamodel */,
			);
			currentVersion = DB94B2AF2C91520B00317FCE /* PhotoApp.xcdatamodel */;
			path = PhotoApp.xcdatamodeld;
			sourceTree = "<group>";
			versionGroupType = wrapper.xcdatamodel;
		};
/* End XCVersionGroup section */
	};
	rootObject = DB94B29A2C91520B00317FCE /* Project object */;
}
